// !$*UTF8*$!
{
	archiveVersion = 1;
	classes = {
	};
	objectVersion = 56;
	objects = {

/* Begin PBXBuildFile section */
		7539244D2ADEB37100F5E9F7 /* tester_swiftApp.swift in Sources */ = {isa = PBXBuildFile; fileRef = 7539244C2ADEB37100F5E9F7 /* tester_swiftApp.swift */; };
		7539244F2ADEB37100F5E9F7 /* ContentView.swift in Sources */ = {isa = PBXBuildFile; fileRef = 7539244E2ADEB37100F5E9F7 /* ContentView.swift */; };
		753924512ADEB37200F5E9F7 /* Assets.xcassets in Resources */ = {isa = PBXBuildFile; fileRef = 753924502ADEB37200F5E9F7 /* Assets.xcassets */; };
		753924542ADEB37200F5E9F7 /* Preview Assets.xcassets in Resources */ = {isa = PBXBuildFile; fileRef = 753924532ADEB37200F5E9F7 /* Preview Assets.xcassets */; };
		7539245E2ADEB37200F5E9F7 /* tester_swiftTests.swift in Sources */ = {isa = PBXBuildFile; fileRef = 7539245D2ADEB37200F5E9F7 /* tester_swiftTests.swift */; };
		753924682ADEB37200F5E9F7 /* tester_swiftUITests.swift in Sources */ = {isa = PBXBuildFile; fileRef = 753924672ADEB37200F5E9F7 /* tester_swiftUITests.swift */; };
		7539246A2ADEB37200F5E9F7 /* tester_swiftUITestsLaunchTests.swift in Sources */ = {isa = PBXBuildFile; fileRef = 753924692ADEB37200F5E9F7 /* tester_swiftUITestsLaunchTests.swift */; };
/* End PBXBuildFile section */

/* Begin PBXContainerItemProxy section */
		7539245A2ADEB37200F5E9F7 /* PBXContainerItemProxy */ = {
			isa = PBXContainerItemProxy;
			containerPortal = 753924412ADEB37100F5E9F7 /* Project object */;
			proxyType = 1;
			remoteGlobalIDString = 753924482ADEB37100F5E9F7;
			remoteInfo = "tester-swift";
		};
		753924642ADEB37200F5E9F7 /* PBXContainerItemProxy */ = {
			isa = PBXContainerItemProxy;
			containerPortal = 753924412ADEB37100F5E9F7 /* Project object */;
			proxyType = 1;
			remoteGlobalIDString = 753924482ADEB37100F5E9F7;
			remoteInfo = "tester-swift";
		};
/* End PBXContainerItemProxy section */

/* Begin PBXFileReference section */
		753924492ADEB37100F5E9F7 /* tester-swift.app */ = {isa = PBXFileReference; explicitFileType = wrapper.application; includeInIndex = 0; path = "tester-swift.app"; sourceTree = BUILT_PRODUCTS_DIR; };
		7539244C2ADEB37100F5E9F7 /* tester_swiftApp.swift */ = {isa = PBXFileReference; lastKnownFileType = sourcecode.swift; path = tester_swiftApp.swift; sourceTree = "<group>"; };
		7539244E2ADEB37100F5E9F7 /* ContentView.swift */ = {isa = PBXFileReference; lastKnownFileType = sourcecode.swift; path = ContentView.swift; sourceTree = "<group>"; };
		753924502ADEB37200F5E9F7 /* Assets.xcassets */ = {isa = PBXFileReference; lastKnownFileType = folder.assetcatalog; path = Assets.xcassets; sourceTree = "<group>"; };
		753924532ADEB37200F5E9F7 /* Preview Assets.xcassets */ = {isa = PBXFileReference; lastKnownFileType = folder.assetcatalog; path = "Preview Assets.xcassets"; sourceTree = "<group>"; };
		753924592ADEB37200F5E9F7 /* tester-swiftTests.xctest */ = {isa = PBXFileReference; explicitFileType = wrapper.cfbundle; includeInIndex = 0; path = "tester-swiftTests.xctest"; sourceTree = BUILT_PRODUCTS_DIR; };
		7539245D2ADEB37200F5E9F7 /* tester_swiftTests.swift */ = {isa = PBXFileReference; lastKnownFileType = sourcecode.swift; path = tester_swiftTests.swift; sourceTree = "<group>"; };
		753924632ADEB37200F5E9F7 /* tester-swiftUITests.xctest */ = {isa = PBXFileReference; explicitFileType = wrapper.cfbundle; includeInIndex = 0; path = "tester-swiftUITests.xctest"; sourceTree = BUILT_PRODUCTS_DIR; };
		753924672ADEB37200F5E9F7 /* tester_swiftUITests.swift */ = {isa = PBXFileReference; lastKnownFileType = sourcecode.swift; path = tester_swiftUITests.swift; sourceTree = "<group>"; };
		753924692ADEB37200F5E9F7 /* tester_swiftUITestsLaunchTests.swift */ = {isa = PBXFileReference; lastKnownFileType = sourcecode.swift; path = tester_swiftUITestsLaunchTests.swift; sourceTree = "<group>"; };
/* End PBXFileReference section */

/* Begin PBXFrameworksBuildPhase section */
		753924462ADEB37100F5E9F7 /* Frameworks */ = {
			isa = PBXFrameworksBuildPhase;
			buildActionMask = 2147483647;
			files = (
			);
			runOnlyForDeploymentPostprocessing = 0;
		};
		753924562ADEB37200F5E9F7 /* Frameworks */ = {
			isa = PBXFrameworksBuildPhase;
			buildActionMask = 2147483647;
			files = (
			);
			runOnlyForDeploymentPostprocessing = 0;
		};
		753924602ADEB37200F5E9F7 /* Frameworks */ = {
			isa = PBXFrameworksBuildPhase;
			buildActionMask = 2147483647;
			files = (
			);
			runOnlyForDeploymentPostprocessing = 0;
		};
/* End PBXFrameworksBuildPhase section */

/* Begin PBXGroup section */
		753924402ADEB37100F5E9F7 = {
			isa = PBXGroup;
			children = (
				7539244B2ADEB37100F5E9F7 /* tester-swift */,
				7539245C2ADEB37200F5E9F7 /* tester-swiftTests */,
				753924662ADEB37200F5E9F7 /* tester-swiftUITests */,
				7539244A2ADEB37100F5E9F7 /* Products */,
			);
			sourceTree = "<group>";
		};
		7539244A2ADEB37100F5E9F7 /* Products */ = {
			isa = PBXGroup;
			children = (
				753924492ADEB37100F5E9F7 /* tester-swift.app */,
				753924592ADEB37200F5E9F7 /* tester-swiftTests.xctest */,
				753924632ADEB37200F5E9F7 /* tester-swiftUITests.xctest */,
			);
			name = Products;
			sourceTree = "<group>";
		};
		7539244B2ADEB37100F5E9F7 /* tester-swift */ = {
			isa = PBXGroup;
			children = (
				7539244C2ADEB37100F5E9F7 /* tester_swiftApp.swift */,
				7539244E2ADEB37100F5E9F7 /* ContentView.swift */,
				753924502ADEB37200F5E9F7 /* Assets.xcassets */,
				753924522ADEB37200F5E9F7 /* Preview Content */,
			);
			path = "tester-swift";
			sourceTree = "<group>";
		};
		753924522ADEB37200F5E9F7 /* Preview Content */ = {
			isa = PBXGroup;
			children = (
				753924532ADEB37200F5E9F7 /* Preview Assets.xcassets */,
			);
			path = "Preview Content";
			sourceTree = "<group>";
		};
		7539245C2ADEB37200F5E9F7 /* tester-swiftTests */ = {
			isa = PBXGroup;
			children = (
				7539245D2ADEB37200F5E9F7 /* tester_swiftTests.swift */,
			);
			path = "tester-swiftTests";
			sourceTree = "<group>";
		};
		753924662ADEB37200F5E9F7 /* tester-swiftUITests */ = {
			isa = PBXGroup;
			children = (
				753924672ADEB37200F5E9F7 /* tester_swiftUITests.swift */,
				753924692ADEB37200F5E9F7 /* tester_swiftUITestsLaunchTests.swift */,
			);
			path = "tester-swiftUITests";
			sourceTree = "<group>";
		};
/* End PBXGroup section */

/* Begin PBXNativeTarget section */
		753924482ADEB37100F5E9F7 /* tester-swift */ = {
			isa = PBXNativeTarget;
			buildConfigurationList = 7539246D2ADEB37200F5E9F7 /* Build configuration list for PBXNativeTarget "tester-swift" */;
			buildPhases = (
				753924452ADEB37100F5E9F7 /* Sources */,
				753924462ADEB37100F5E9F7 /* Frameworks */,
				753924472ADEB37100F5E9F7 /* Resources */,
			);
			buildRules = (
			);
			dependencies = (
			);
			name = "tester-swift";
			productName = "tester-swift";
			productReference = 753924492ADEB37100F5E9F7 /* tester-swift.app */;
			productType = "com.apple.product-type.application";
		};
		753924582ADEB37200F5E9F7 /* tester-swiftTests */ = {
			isa = PBXNativeTarget;
			buildConfigurationList = 753924702ADEB37200F5E9F7 /* Build configuration list for PBXNativeTarget "tester-swiftTests" */;
			buildPhases = (
				753924552ADEB37200F5E9F7 /* Sources */,
				753924562ADEB37200F5E9F7 /* Frameworks */,
				753924572ADEB37200F5E9F7 /* Resources */,
			);
			buildRules = (
			);
			dependencies = (
				7539245B2ADEB37200F5E9F7 /* PBXTargetDependency */,
			);
			name = "tester-swiftTests";
			productName = "tester-swiftTests";
			productReference = 753924592ADEB37200F5E9F7 /* tester-swiftTests.xctest */;
			productType = "com.apple.product-type.bundle.unit-test";
		};
		753924622ADEB37200F5E9F7 /* tester-swiftUITests */ = {
			isa = PBXNativeTarget;
			buildConfigurationList = 753924732ADEB37200F5E9F7 /* Build configuration list for PBXNativeTarget "tester-swiftUITests" */;
			buildPhases = (
				7539245F2ADEB37200F5E9F7 /* Sources */,
				753924602ADEB37200F5E9F7 /* Frameworks */,
				753924612ADEB37200F5E9F7 /* Resources */,
			);
			buildRules = (
			);
			dependencies = (
				753924652ADEB37200F5E9F7 /* PBXTargetDependency */,
			);
			name = "tester-swiftUITests";
			productName = "tester-swiftUITests";
			productReference = 753924632ADEB37200F5E9F7 /* tester-swiftUITests.xctest */;
			productType = "com.apple.product-type.bundle.ui-testing";
		};
/* End PBXNativeTarget section */

/* Begin PBXProject section */
		753924412ADEB37100F5E9F7 /* Project object */ = {
			isa = PBXProject;
			attributes = {
				BuildIndependentTargetsInParallel = 1;
				LastSwiftUpdateCheck = 1500;
				LastUpgradeCheck = 1500;
				TargetAttributes = {
					753924482ADEB37100F5E9F7 = {
						CreatedOnToolsVersion = 15.0;
					};
					753924582ADEB37200F5E9F7 = {
						CreatedOnToolsVersion = 15.0;
						TestTargetID = 753924482ADEB37100F5E9F7;
					};
					753924622ADEB37200F5E9F7 = {
						CreatedOnToolsVersion = 15.0;
						TestTargetID = 753924482ADEB37100F5E9F7;
					};
				};
			};
			buildConfigurationList = 753924442ADEB37100F5E9F7 /* Build configuration list for PBXProject "tester-swift" */;
			compatibilityVersion = "Xcode 14.0";
			developmentRegion = en;
			hasScannedForEncodings = 0;
			knownRegions = (
				en,
				Base,
			);
			mainGroup = 753924402ADEB37100F5E9F7;
			productRefGroup = 7539244A2ADEB37100F5E9F7 /* Products */;
			projectDirPath = "";
			projectRoot = "";
			targets = (
				753924482ADEB37100F5E9F7 /* tester-swift */,
				753924582ADEB37200F5E9F7 /* tester-swiftTests */,
				753924622ADEB37200F5E9F7 /* tester-swiftUITests */,
			);
		};
/* End PBXProject section */

/* Begin PBXResourcesBuildPhase section */
		753924472ADEB37100F5E9F7 /* Resources */ = {
			isa = PBXResourcesBuildPhase;
			buildActionMask = 2147483647;
			files = (
				753924542ADEB37200F5E9F7 /* Preview Assets.xcassets in Resources */,
				753924512ADEB37200F5E9F7 /* Assets.xcassets in Resources */,
			);
			runOnlyForDeploymentPostprocessing = 0;
		};
		753924572ADEB37200F5E9F7 /* Resources */ = {
			isa = PBXResourcesBuildPhase;
			buildActionMask = 2147483647;
			files = (
			);
			runOnlyForDeploymentPostprocessing = 0;
		};
		753924612ADEB37200F5E9F7 /* Resources */ = {
			isa = PBXResourcesBuildPhase;
			buildActionMask = 2147483647;
			files = (
			);
			runOnlyForDeploymentPostprocessing = 0;
		};
/* End PBXResourcesBuildPhase section */

/* Begin PBXSourcesBuildPhase section */
		753924452ADEB37100F5E9F7 /* Sources */ = {
			isa = PBXSourcesBuildPhase;
			buildActionMask = 2147483647;
			files = (
				7539244F2ADEB37100F5E9F7 /* ContentView.swift in Sources */,
				7539244D2ADEB37100F5E9F7 /* tester_swiftApp.swift in Sources */,
			);
			runOnlyForDeploymentPostprocessing = 0;
		};
		753924552ADEB37200F5E9F7 /* Sources */ = {
			isa = PBXSourcesBuildPhase;
			buildActionMask = 2147483647;
			files = (
				7539245E2ADEB37200F5E9F7 /* tester_swiftTests.swift in Sources */,
			);
			runOnlyForDeploymentPostprocessing = 0;
		};
		7539245F2ADEB37200F5E9F7 /* Sources */ = {
			isa = PBXSourcesBuildPhase;
			buildActionMask = 2147483647;
			files = (
				753924682ADEB37200F5E9F7 /* tester_swiftUITests.swift in Sources */,
				7539246A2ADEB37200F5E9F7 /* tester_swiftUITestsLaunchTests.swift in Sources */,
			);
			runOnlyForDeploymentPostprocessing = 0;
		};
/* End PBXSourcesBuildPhase section */

/* Begin PBXTargetDependency section */
		7539245B2ADEB37200F5E9F7 /* PBXTargetDependency */ = {
			isa = PBXTargetDependency;
			target = 753924482ADEB37100F5E9F7 /* tester-swift */;
			targetProxy = 7539245A2ADEB37200F5E9F7 /* PBXContainerItemProxy */;
		};
		753924652ADEB37200F5E9F7 /* PBXTargetDependency */ = {
			isa = PBXTargetDependency;
			target = 753924482ADEB37100F5E9F7 /* tester-swift */;
			targetProxy = 753924642ADEB37200F5E9F7 /* PBXContainerItemProxy */;
		};
/* End PBXTargetDependency section */

/* Begin XCBuildConfiguration section */
		7539246B2ADEB37200F5E9F7 /* Debug */ = {
			isa = XCBuildConfiguration;
			buildSettings = {
				ALWAYS_SEARCH_USER_PATHS = NO;
				ASSETCATALOG_COMPILER_GENERATE_SWIFT_ASSET_SYMBOL_EXTENSIONS = YES;
				CLANG_ANALYZER_NONNULL = YES;
				CLANG_ANALYZER_NUMBER_OBJECT_CONVERSION = YES_AGGRESSIVE;
				CLANG_CXX_LANGUAGE_STANDARD = "gnu++20";
				CLANG_ENABLE_MODULES = YES;
				CLANG_ENABLE_OBJC_ARC = YES;
				CLANG_ENABLE_OBJC_WEAK = YES;
				CLANG_WARN_BLOCK_CAPTURE_AUTORELEASING = YES;
				CLANG_WARN_BOOL_CONVERSION = YES;
				CLANG_WARN_COMMA = YES;
				CLANG_WARN_CONSTANT_CONVERSION = YES;
				CLANG_WARN_DEPRECATED_OBJC_IMPLEMENTATIONS = YES;
				CLANG_WARN_DIRECT_OBJC_ISA_USAGE = YES_ERROR;
				CLANG_WARN_DOCUMENTATION_COMMENTS = YES;
				CLANG_WARN_EMPTY_BODY = YES;
				CLANG_WARN_ENUM_CONVERSION = YES;
				CLANG_WARN_INFINITE_RECURSION = YES;
				CLANG_WARN_INT_CONVERSION = YES;
				CLANG_WARN_NON_LITERAL_NULL_CONVERSION = YES;
				CLANG_WARN_OBJC_IMPLICIT_RETAIN_SELF = YES;
				CLANG_WARN_OBJC_LITERAL_CONVERSION = YES;
				CLANG_WARN_OBJC_ROOT_CLASS = YES_ERROR;
				CLANG_WARN_QUOTED_INCLUDE_IN_FRAMEWORK_HEADER = YES;
				CLANG_WARN_RANGE_LOOP_ANALYSIS = YES;
				CLANG_WARN_STRICT_PROTOTYPES = YES;
				CLANG_WARN_SUSPICIOUS_MOVE = YES;
				CLANG_WARN_UNGUARDED_AVAILABILITY = YES_AGGRESSIVE;
				CLANG_WARN_UNREACHABLE_CODE = YES;
				CLANG_WARN__DUPLICATE_METHOD_MATCH = YES;
				COPY_PHASE_STRIP = NO;
				DEBUG_INFORMATION_FORMAT = dwarf;
				ENABLE_STRICT_OBJC_MSGSEND = YES;
				ENABLE_TESTABILITY = YES;
				ENABLE_USER_SCRIPT_SANDBOXING = YES;
				GCC_C_LANGUAGE_STANDARD = gnu17;
				GCC_DYNAMIC_NO_PIC = NO;
				GCC_NO_COMMON_BLOCKS = YES;
				GCC_OPTIMIZATION_LEVEL = 0;
				GCC_PREPROCESSOR_DEFINITIONS = (
					"DEBUG=1",
					"$(inherited)",
				);
				GCC_WARN_64_TO_32_BIT_CONVERSION = YES;
				GCC_WARN_ABOUT_RETURN_TYPE = YES_ERROR;
				GCC_WARN_UNDECLARED_SELECTOR = YES;
				GCC_WARN_UNINITIALIZED_AUTOS = YES_AGGRESSIVE;
				GCC_WARN_UNUSED_FUNCTION = YES;
				GCC_WARN_UNUSED_VARIABLE = YES;
				IPHONEOS_DEPLOYMENT_TARGET = 17.0;
				LOCALIZATION_PREFERS_STRING_CATALOGS = YES;
				MTL_ENABLE_DEBUG_INFO = INCLUDE_SOURCE;
				MTL_FAST_MATH = YES;
				ONLY_ACTIVE_ARCH = YES;
				SDKROOT = iphoneos;
				SWIFT_ACTIVE_COMPILATION_CONDITIONS = "DEBUG $(inherited)";
				SWIFT_OPTIMIZATION_LEVEL = "-Onone";
			};
			name = Debug;
		};
		7539246C2ADEB37200F5E9F7 /* Release */ = {
			isa = XCBuildConfiguration;
			buildSettings = {
				ALWAYS_SEARCH_USER_PATHS = NO;
				ASSETCATALOG_COMPILER_GENERATE_SWIFT_ASSET_SYMBOL_EXTENSIONS = YES;
				CLANG_ANALYZER_NONNULL = YES;
				CLANG_ANALYZER_NUMBER_OBJECT_CONVERSION = YES_AGGRESSIVE;
				CLANG_CXX_LANGUAGE_STANDARD = "gnu++20";
				CLANG_ENABLE_MODULES = YES;
				CLANG_ENABLE_OBJC_ARC = YES;
				CLANG_ENABLE_OBJC_WEAK = YES;
				CLANG_WARN_BLOCK_CAPTURE_AUTORELEASING = YES;
				CLANG_WARN_BOOL_CONVERSION = YES;
				CLANG_WARN_COMMA = YES;
				CLANG_WARN_CONSTANT_CONVERSION = YES;
				CLANG_WARN_DEPRECATED_OBJC_IMPLEMENTATIONS = YES;
				CLANG_WARN_DIRECT_OBJC_ISA_USAGE = YES_ERROR;
				CLANG_WARN_DOCUMENTATION_COMMENTS = YES;
				CLANG_WARN_EMPTY_BODY = YES;
				CLANG_WARN_ENUM_CONVERSION = YES;
				CLANG_WARN_INFINITE_RECURSION = YES;
				CLANG_WARN_INT_CONVERSION = YES;
				CLANG_WARN_NON_LITERAL_NULL_CONVERSION = YES;
				CLANG_WARN_OBJC_IMPLICIT_RETAIN_SELF = YES;
				CLANG_WARN_OBJC_LITERAL_CONVERSION = YES;
				CLANG_WARN_OBJC_ROOT_CLASS = YES_ERROR;
				CLANG_WARN_QUOTED_INCLUDE_IN_FRAMEWORK_HEADER = YES;
				CLANG_WARN_RANGE_LOOP_ANALYSIS = YES;
				CLANG_WARN_STRICT_PROTOTYPES = YES;
				CLANG_WARN_SUSPICIOUS_MOVE = YES;
				CLANG_WARN_UNGUARDED_AVAILABILITY = YES_AGGRESSIVE;
				CLANG_WARN_UNREACHABLE_CODE = YES;
				CLANG_WARN__DUPLICATE_METHOD_MATCH = YES;
				COPY_PHASE_STRIP = NO;
				DEBUG_INFORMATION_FORMAT = "dwarf-with-dsym";
				ENABLE_NS_ASSERTIONS = NO;
				ENABLE_STRICT_OBJC_MSGSEND = YES;
				ENABLE_USER_SCRIPT_SANDBOXING = YES;
				GCC_C_LANGUAGE_STANDARD = gnu17;
				GCC_NO_COMMON_BLOCKS = YES;
				GCC_WARN_64_TO_32_BIT_CONVERSION = YES;
				GCC_WARN_ABOUT_RETURN_TYPE = YES_ERROR;
				GCC_WARN_UNDECLARED_SELECTOR = YES;
				GCC_WARN_UNINITIALIZED_AUTOS = YES_AGGRESSIVE;
				GCC_WARN_UNUSED_FUNCTION = YES;
				GCC_WARN_UNUSED_VARIABLE = YES;
				IPHONEOS_DEPLOYMENT_TARGET = 17.0;
				LOCALIZATION_PREFERS_STRING_CATALOGS = YES;
				MTL_ENABLE_DEBUG_INFO = NO;
				MTL_FAST_MATH = YES;
				SDKROOT = iphoneos;
				SWIFT_COMPILATION_MODE = wholemodule;
				VALIDATE_PRODUCT = YES;
			};
			name = Release;
		};
		7539246E2ADEB37200F5E9F7 /* Debug */ = {
			isa = XCBuildConfiguration;
			buildSettings = {
				ASSETCATALOG_COMPILER_APPICON_NAME = AppIcon;
				ASSETCATALOG_COMPILER_GLOBAL_ACCENT_COLOR_NAME = AccentColor;
				CODE_SIGN_STYLE = Automatic;
				CURRENT_PROJECT_VERSION = 1;
				DEVELOPMENT_ASSET_PATHS = "\"tester-swift/Preview Content\"";
				ENABLE_PREVIEWS = YES;
				GENERATE_INFOPLIST_FILE = YES;
				INFOPLIST_KEY_UIApplicationSceneManifest_Generation = YES;
				INFOPLIST_KEY_UIApplicationSupportsIndirectInputEvents = YES;
				INFOPLIST_KEY_UILaunchScreen_Generation = YES;
				INFOPLIST_KEY_UISupportedInterfaceOrientations_iPad = "UIInterfaceOrientationPortrait UIInterfaceOrientationPortraitUpsideDown UIInterfaceOrientationLandscapeLeft UIInterfaceOrientationLandscapeRight";
				INFOPLIST_KEY_UISupportedInterfaceOrientations_iPhone = "UIInterfaceOrientationPortrait UIInterfaceOrientationLandscapeLeft UIInterfaceOrientationLandscapeRight";
				LD_RUNPATH_SEARCH_PATHS = (
					"$(inherited)",
					"@executable_path/Frameworks",
				);
				MARKETING_VERSION = 1.0;
				PRODUCT_BUNDLE_IDENTIFIER = "com.overthinkers.tester-swift";
				PRODUCT_NAME = "$(TARGET_NAME)";
				SWIFT_EMIT_LOC_STRINGS = YES;
				SWIFT_VERSION = 5.0;
				TARGETED_DEVICE_FAMILY = "1,2";
			};
			name = Debug;
		};
		7539246F2ADEB37200F5E9F7 /* Release */ = {
			isa = XCBuildConfiguration;
			buildSettings = {
				ASSETCATALOG_COMPILER_APPICON_NAME = AppIcon;
				ASSETCATALOG_COMPILER_GLOBAL_ACCENT_COLOR_NAME = AccentColor;
				CODE_SIGN_STYLE = Automatic;
				CURRENT_PROJECT_VERSION = 1;
				DEVELOPMENT_ASSET_PATHS = "\"tester-swift/Preview Content\"";
				ENABLE_PREVIEWS = YES;
				GENERATE_INFOPLIST_FILE = YES;
				INFOPLIST_KEY_UIApplicationSceneManifest_Generation = YES;
				INFOPLIST_KEY_UIApplicationSupportsIndirectInputEvents = YES;
				INFOPLIST_KEY_UILaunchScreen_Generation = YES;
				INFOPLIST_KEY_UISupportedInterfaceOrientations_iPad = "UIInterfaceOrientationPortrait UIInterfaceOrientationPortraitUpsideDown UIInterfaceOrientationLandscapeLeft UIInterfaceOrientationLandscapeRight";
				INFOPLIST_KEY_UISupportedInterfaceOrientations_iPhone = "UIInterfaceOrientationPortrait UIInterfaceOrientationLandscapeLeft UIInterfaceOrientationLandscapeRight";
				LD_RUNPATH_SEARCH_PATHS = (
					"$(inherited)",
					"@executable_path/Frameworks",
				);
				MARKETING_VERSION = 1.0;
				PRODUCT_BUNDLE_IDENTIFIER = "com.overthinkers.tester-swift";
				PRODUCT_NAME = "$(TARGET_NAME)";
				SWIFT_EMIT_LOC_STRINGS = YES;
				SWIFT_VERSION = 5.0;
				TARGETED_DEVICE_FAMILY = "1,2";
			};
			name = Release;
		};
		753924712ADEB37200F5E9F7 /* Debug */ = {
			isa = XCBuildConfiguration;
			buildSettings = {
				ALWAYS_EMBED_SWIFT_STANDARD_LIBRARIES = YES;
				BUNDLE_LOADER = "$(TEST_HOST)";
				CODE_SIGN_STYLE = Automatic;
				CURRENT_PROJECT_VERSION = 1;
				GENERATE_INFOPLIST_FILE = YES;
				IPHONEOS_DEPLOYMENT_TARGET = 17.0;
				MARKETING_VERSION = 1.0;
				PRODUCT_BUNDLE_IDENTIFIER = "com.overthinkers.tester-swiftTests";
				PRODUCT_NAME = "$(TARGET_NAME)";
				SWIFT_EMIT_LOC_STRINGS = NO;
				SWIFT_VERSION = 5.0;
				TARGETED_DEVICE_FAMILY = "1,2";
				TEST_HOST = "$(BUILT_PRODUCTS_DIR)/tester-swift.app/$(BUNDLE_EXECUTABLE_FOLDER_PATH)/tester-swift";
			};
			name = Debug;
		};
		753924722ADEB37200F5E9F7 /* Release */ = {
			isa = XCBuildConfiguration;
			buildSettings = {
				ALWAYS_EMBED_SWIFT_STANDARD_LIBRARIES = YES;
				BUNDLE_LOADER = "$(TEST_HOST)";
				CODE_SIGN_STYLE = Automatic;
				CURRENT_PROJECT_VERSION = 1;
				GENERATE_INFOPLIST_FILE = YES;
				IPHONEOS_DEPLOYMENT_TARGET = 17.0;
				MARKETING_VERSION = 1.0;
				PRODUCT_BUNDLE_IDENTIFIER = "com.overthinkers.tester-swiftTests";
				PRODUCT_NAME = "$(TARGET_NAME)";
				SWIFT_EMIT_LOC_STRINGS = NO;
				SWIFT_VERSION = 5.0;
				TARGETED_DEVICE_FAMILY = "1,2";
				TEST_HOST = "$(BUILT_PRODUCTS_DIR)/tester-swift.app/$(BUNDLE_EXECUTABLE_FOLDER_PATH)/tester-swift";
			};
			name = Release;
		};
		753924742ADEB37200F5E9F7 /* Debug */ = {
			isa = XCBuildConfiguration;
			buildSettings = {
				ALWAYS_EMBED_SWIFT_STANDARD_LIBRARIES = YES;
				CODE_SIGN_STYLE = Automatic;
				CURRENT_PROJECT_VERSION = 1;
				GENERATE_INFOPLIST_FILE = YES;
				MARKETING_VERSION = 1.0;
				PRODUCT_BUNDLE_IDENTIFIER = "com.overthinkers.tester-swiftUITests";
				PRODUCT_NAME = "$(TARGET_NAME)";
				SWIFT_EMIT_LOC_STRINGS = NO;
				SWIFT_VERSION = 5.0;
				TARGETED_DEVICE_FAMILY = "1,2";
				TEST_TARGET_NAME = "tester-swift";
			};
			name = Debug;
		};
		753924752ADEB37200F5E9F7 /* Release */ = {
			isa = XCBuildConfiguration;
			buildSettings = {
				ALWAYS_EMBED_SWIFT_STANDARD_LIBRARIES = YES;
				CODE_SIGN_STYLE = Automatic;
				CURRENT_PROJECT_VERSION = 1;
				GENERATE_INFOPLIST_FILE = YES;
				MARKETING_VERSION = 1.0;
				PRODUCT_BUNDLE_IDENTIFIER = "com.overthinkers.tester-swiftUITests";
				PRODUCT_NAME = "$(TARGET_NAME)";
				SWIFT_EMIT_LOC_STRINGS = NO;
				SWIFT_VERSION = 5.0;
				TARGETED_DEVICE_FAMILY = "1,2";
				TEST_TARGET_NAME = "tester-swift";
			};
			name = Release;
		};
/* End XCBuildConfiguration section */

/* Begin XCConfigurationList section */
		753924442ADEB37100F5E9F7 /* Build configuration list for PBXProject "tester-swift" */ = {
			isa = XCConfigurationList;
			buildConfigurations = (
				7539246B2ADEB37200F5E9F7 /* Debug */,
				7539246C2ADEB37200F5E9F7 /* Release */,
			);
			defaultConfigurationIsVisible = 0;
			defaultConfigurationName = Release;
		};
		7539246D2ADEB37200F5E9F7 /* Build configuration list for PBXNativeTarget "tester-swift" */ = {
			isa = XCConfigurationList;
			buildConfigurations = (
				7539246E2ADEB37200F5E9F7 /* Debug */,
				7539246F2ADEB37200F5E9F7 /* Release */,
			);
			defaultConfigurationIsVisible = 0;
			defaultConfigurationName = Release;
		};
		753924702ADEB37200F5E9F7 /* Build configuration list for PBXNativeTarget "tester-swiftTests" */ = {
			isa = XCConfigurationList;
			buildConfigurations = (
				753924712ADEB37200F5E9F7 /* Debug */,
				753924722ADEB37200F5E9F7 /* Release */,
			);
			defaultConfigurationIsVisible = 0;
			defaultConfigurationName = Release;
		};
		753924732ADEB37200F5E9F7 /* Build configuration list for PBXNativeTarget "tester-swiftUITests" */ = {
			isa = XCConfigurationList;
			buildConfigurations = (
				753924742ADEB37200F5E9F7 /* Debug */,
				753924752ADEB37200F5E9F7 /* Release */,
			);
			defaultConfigurationIsVisible = 0;
			defaultConfigurationName = Release;
		};
/* End XCConfigurationList section */
	};
	rootObject = 753924412ADEB37100F5E9F7 /* Project object */;
}
